
Microsoft Visual Studio Solution File, Format Version 12.00
# Visual Studio Version 16
VisualStudioVersion = 16.0.28803.352
MinimumVisualStudioVersion = 10.0.40219.1
Project("{9A19103F-16F7-4668-BE54-9A1E7A4F7556}") = "LazZiya.ExpressLocalization", "LazZiya.ExpressLocalization\LazZiya.ExpressLocalization.csproj", "{B56F73E8-7571-4AE8-BAB2-FD9AE88FF079}"
EndProject
Project("{2150E333-8FDC-42A3-9474-1A3956D46DE8}") = "DB", "DB", "{28FF3A37-70DE-4198-AF2B-D84BA2EC6DDA}"
EndProject
Project("{9A19103F-16F7-4668-BE54-9A1E7A4F7556}") = "LazZiya.ExpressLocalization.DB", "LazZiya.ExpressLocalization.DB\LazZiya.ExpressLocalization.DB.csproj", "{407E80EE-33F8-4A01-A561-953FB2A52355}"
EndProject
Project("{2150E333-8FDC-42A3-9474-1A3956D46DE8}") = "UI", "UI", "{681CFE58-A3FA-4571-8440-6FCAC6BEDA01}"
EndProject
Project("{9A19103F-16F7-4668-BE54-9A1E7A4F7556}") = "LazZiya.ExpressLocalization.UI", "LazZiya.ExpressLocalization.UI\LazZiya.ExpressLocalization.UI.csproj", "{A8D47169-31D4-4421-8378-771B88695448}"
EndProject
Project("{9A19103F-16F7-4668-BE54-9A1E7A4F7556}") = "LazZiya.EFGenericDataManager", "..\EFGenericDataManager\LazZiya.EFGenericDataManager\LazZiya.EFGenericDataManager.csproj", "{52FBAEED-107F-4A7A-B541-27B6BE700177}"
EndProject
Project("{FAE04EC0-301F-11D3-BF4B-00C04F79EFBC}") = "SampleProject", "SampleProject\SampleProject.csproj", "{41637779-4AC2-46A5-91F3-744EBFD13547}"
EndProject
Global
	GlobalSection(SolutionConfigurationPlatforms) = preSolution
		Debug|Any CPU = Debug|Any CPU
		Release|Any CPU = Release|Any CPU
	EndGlobalSection
	GlobalSection(ProjectConfigurationPlatforms) = postSolution
		{B56F73E8-7571-4AE8-BAB2-FD9AE88FF079}.Debug|Any CPU.ActiveCfg = Debug|Any CPU
		{B56F73E8-7571-4AE8-BAB2-FD9AE88FF079}.Debug|Any CPU.Build.0 = Debug|Any CPU
		{B56F73E8-7571-4AE8-BAB2-FD9AE88FF079}.Release|Any CPU.ActiveCfg = Release|Any CPU
		{B56F73E8-7571-4AE8-BAB2-FD9AE88FF079}.Release|Any CPU.Build.0 = Release|Any CPU
		{407E80EE-33F8-4A01-A561-953FB2A52355}.Debug|Any CPU.ActiveCfg = Debug|Any CPU
		{407E80EE-33F8-4A01-A561-953FB2A52355}.Debug|Any CPU.Build.0 = Debug|Any CPU
		{407E80EE-33F8-4A01-A561-953FB2A52355}.Release|Any CPU.ActiveCfg = Release|Any CPU
		{407E80EE-33F8-4A01-A561-953FB2A52355}.Release|Any CPU.Build.0 = Release|Any CPU
		{A8D47169-31D4-4421-8378-771B88695448}.Debug|Any CPU.ActiveCfg = Debug|Any CPU
		{A8D47169-31D4-4421-8378-771B88695448}.Debug|Any CPU.Build.0 = Debug|Any CPU
		{A8D47169-31D4-4421-8378-771B88695448}.Release|Any CPU.ActiveCfg = Release|Any CPU
		{A8D47169-31D4-4421-8378-771B88695448}.Release|Any CPU.Build.0 = Release|Any CPU
		{52FBAEED-107F-4A7A-B541-27B6BE700177}.Debug|Any CPU.ActiveCfg = Debug|Any CPU
		{52FBAEED-107F-4A7A-B541-27B6BE700177}.Debug|Any CPU.Build.0 = Debug|Any CPU
		{52FBAEED-107F-4A7A-B541-27B6BE700177}.Release|Any CPU.ActiveCfg = Release|Any CPU
		{52FBAEED-107F-4A7A-B541-27B6BE700177}.Release|Any CPU.Build.0 = Release|Any CPU
		{41637779-4AC2-46A5-91F3-744EBFD13547}.Debug|Any CPU.ActiveCfg = Debug|Any CPU
		{41637779-4AC2-46A5-91F3-744EBFD13547}.Debug|Any CPU.Build.0 = Debug|Any CPU
		{41637779-4AC2-46A5-91F3-744EBFD13547}.Release|Any CPU.ActiveCfg = Release|Any CPU
		{41637779-4AC2-46A5-91F3-744EBFD13547}.Release|Any CPU.Build.0 = Release|Any CPU
	EndGlobalSection
	GlobalSection(SolutionProperties) = preSolution
		HideSolutionNode = FALSE
	EndGlobalSection
	GlobalSection(NestedProjects) = preSolution
		{407E80EE-33F8-4A01-A561-953FB2A52355} = {28FF3A37-70DE-4198-AF2B-D84BA2EC6DDA}
		{A8D47169-31D4-4421-8378-771B88695448} = {681CFE58-A3FA-4571-8440-6FCAC6BEDA01}
		{41637779-4AC2-46A5-91F3-744EBFD13547} = {681CFE58-A3FA-4571-8440-6FCAC6BEDA01}
	EndGlobalSection
	GlobalSection(ExtensibilityGlobals) = postSolution
		SolutionGuid = {DB42080A-198E-4992-929D-08DC6AE2C4C9}
	EndGlobalSection
EndGlobal
